
Microsoft Visual Studio Solution File, Format Version 12.00
# Visual Studio 15
VisualStudioVersion = 15.0.28307.572
MinimumVisualStudioVersion = 10.0.40219.1
Project("{FAE04EC0-301F-11D3-BF4B-00C04F79EFBC}") = "BaiduLinkSubmit", "BaiduLinkSubmit\BaiduLinkSubmit.csproj", "{07A03B95-289A-4DA6-9E9B-29E2D4CB1FE5}"
EndProject
Global
	GlobalSection(SolutionConfigurationPlatforms) = preSolution
		Debug|Any CPU = Debug|Any CPU
		Release|Any CPU = Release|Any CPU
	EndGlobalSection
	GlobalSection(ProjectConfigurationPlatforms) = postSolution
		{07A03B95-289A-4DA6-9E9B-29E2D4CB1FE5}.Debug|Any CPU.ActiveCfg = Debug|Any CPU
		{07A03B95-289A-4DA6-9E9B-29E2D4CB1FE5}.Debug|Any CPU.Build.0 = Debug|Any CPU
		{07A03B95-289A-4DA6-9E9B-29E2D4CB1FE5}.Release|Any CPU.ActiveCfg = Release|Any CPU
		{07A03B95-289A-4DA6-9E9B-29E2D4CB1FE5}.Release|Any CPU.Build.0 = Release|Any CPU
	EndGlobalSection
	GlobalSection(SolutionProperties) = preSolution
		HideSolutionNode = FALSE
	EndGlobalSection
	GlobalSection(ExtensibilityGlobals) = postSolution
		SolutionGuid = {BFDA0B36-FA03-4E42-8875-19A3544EF843}
	EndGlobalSection
EndGlobal
